
Microsoft Visual Studio Solution File, Format Version 12.00
# Visual Studio Version 17
VisualStudioVersion = 17.11.34929.205
MinimumVisualStudioVersion = 10.0.40219.1
Project("{FAE04EC0-301F-11D3-BF4B-00C04F79EFBC}") = "HotelDemo", "HotelDemo\HotelDemo.csproj", "{C1876554-62E8-477B-BF82-339636F878CA}"
EndProject
Global
	GlobalSection(SolutionConfigurationPlatforms) = preSolution
		Debug|Any CPU = Debug|Any CPU
		Release|Any CPU = Release|Any CPU
	EndGlobalSection
	GlobalSection(ProjectConfigurationPlatforms) = postSolution
		{C1876554-62E8-477B-BF82-339636F878CA}.Debug|Any CPU.ActiveCfg = Debug|Any CPU
		{C1876554-62E8-477B-BF82-339636F878CA}.Debug|Any CPU.Build.0 = Debug|Any CPU
		{C1876554-62E8-477B-BF82-339636F878CA}.Release|Any CPU.ActiveCfg = Release|Any CPU
		{C1876554-62E8-477B-BF82-339636F878CA}.Release|Any CPU.Build.0 = Release|Any CPU
	EndGlobalSection
	GlobalSection(SolutionProperties) = preSolution
		HideSolutionNode = FALSE
	EndGlobalSection
	GlobalSection(ExtensibilityGlobals) = postSolution
		SolutionGuid = {B9A1FC3D-6798-4F2C-8E0B-CD13BA80C810}
	EndGlobalSection
EndGlobal
